// !$*UTF8*$!
{
	archiveVersion = 1;
	classes = {
	};
	objectVersion = 56;
	objects = {

/* Begin PBXBuildFile section */
		8BB683D6298B25C100414008 /* AppDelegate.swift in Sources */ = {isa = PBXBuildFile; fileRef = 8BB683D5298B25C100414008 /* AppDelegate.swift */; };
		8BB683D8298B25C100414008 /* SceneDelegate.swift in Sources */ = {isa = PBXBuildFile; fileRef = 8BB683D7298B25C100414008 /* SceneDelegate.swift */; };
		8BB683DA298B25C100414008 /* ViewController.swift in Sources */ = {isa = PBXBuildFile; fileRef = 8BB683D9298B25C100414008 /* ViewController.swift */; };
		8BB683DD298B25C100414008 /* Main.storyboard in Resources */ = {isa = PBXBuildFile; fileRef = 8BB683DB298B25C100414008 /* Main.storyboard */; };
		8BB683DF298B25C200414008 /* Assets.xcassets in Resources */ = {isa = PBXBuildFile; fileRef = 8BB683DE298B25C200414008 /* Assets.xcassets */; };
		8BB683E2298B25C200414008 /* LaunchScreen.storyboard in Resources */ = {isa = PBXBuildFile; fileRef = 8BB683E0298B25C200414008 /* LaunchScreen.storyboard */; };
		8BB683EA298B2F0A00414008 /* MoviesViewController.swift in Sources */ = {isa = PBXBuildFile; fileRef = 8BB683E9298B2F0A00414008 /* MoviesViewController.swift */; };
		8BB683EC298B40D800414008 /* MovieCell.swift in Sources */ = {isa = PBXBuildFile; fileRef = 8BB683EB298B40D800414008 /* MovieCell.swift */; };
		8BB683EE298B62C600414008 /* MovieDetailsVIewController.swift in Sources */ = {isa = PBXBuildFile; fileRef = 8BB683ED298B62C600414008 /* MovieDetailsVIewController.swift */; };
		8BC4546A2993419D0051035B /* MovieGridViewController.swift in Sources */ = {isa = PBXBuildFile; fileRef = 8BC454692993419D0051035B /* MovieGridViewController.swift */; };
		8BC4546C299345F60051035B /* MovieGridCell.swift in Sources */ = {isa = PBXBuildFile; fileRef = 8BC4546B299345F60051035B /* MovieGridCell.swift */; };
		D9153B72E7BE56E351EA2FBF /* Pods_flixster.framework in Frameworks */ = {isa = PBXBuildFile; fileRef = BD4261EB1A5A5635F2F05A3B /* Pods_flixster.framework */; };
/* End PBXBuildFile section */

/* Begin PBXFileReference section */
		51AEF6F436D735EC321CC3B1 /* Pods-flixster.debug.xcconfig */ = {isa = PBXFileReference; includeInIndex = 1; lastKnownFileType = text.xcconfig; name = "Pods-flixster.debug.xcconfig"; path = "Target Support Files/Pods-flixster/Pods-flixster.debug.xcconfig"; sourceTree = "<group>"; };
		8BB683D2298B25C100414008 /* flixster.app */ = {isa = PBXFileReference; explicitFileType = wrapper.application; includeInIndex = 0; path = flixster.app; sourceTree = BUILT_PRODUCTS_DIR; };
		8BB683D5298B25C100414008 /* AppDelegate.swift */ = {isa = PBXFileReference; lastKnownFileType = sourcecode.swift; path = AppDelegate.swift; sourceTree = "<group>"; };
		8BB683D7298B25C100414008 /* SceneDelegate.swift */ = {isa = PBXFileReference; lastKnownFileType = sourcecode.swift; path = SceneDelegate.swift; sourceTree = "<group>"; };
		8BB683D9298B25C100414008 /* ViewController.swift */ = {isa = PBXFileReference; lastKnownFileType = sourcecode.swift; path = ViewController.swift; sourceTree = "<group>"; };
		8BB683DC298B25C100414008 /* Base */ = {isa = PBXFileReference; lastKnownFileType = file.storyboard; name = Base; path = Base.lproj/Main.storyboard; sourceTree = "<group>"; };
		8BB683DE298B25C200414008 /* Assets.xcassets */ = {isa = PBXFileReference; lastKnownFileType = folder.assetcatalog; path = Assets.xcassets; sourceTree = "<group>"; };
		8BB683E1298B25C200414008 /* Base */ = {isa = PBXFileReference; lastKnownFileType = file.storyboard; name = Base; path = Base.lproj/LaunchScreen.storyboard; sourceTree = "<group>"; };
		8BB683E3298B25C200414008 /* Info.plist */ = {isa = PBXFileReference; lastKnownFileType = text.plist.xml; path = Info.plist; sourceTree = "<group>"; };
		8BB683E9298B2F0A00414008 /* MoviesViewController.swift */ = {isa = PBXFileReference; lastKnownFileType = sourcecode.swift; path = MoviesViewController.swift; sourceTree = "<group>"; };
		8BB683EB298B40D800414008 /* MovieCell.swift */ = {isa = PBXFileReference; lastKnownFileType = sourcecode.swift; path = MovieCell.swift; sourceTree = "<group>"; };
		8BB683ED298B62C600414008 /* MovieDetailsVIewController.swift */ = {isa = PBXFileReference; lastKnownFileType = sourcecode.swift; path = MovieDetailsVIewController.swift; sourceTree = "<group>"; };
		8BC454692993419D0051035B /* MovieGridViewController.swift */ = {isa = PBXFileReference; lastKnownFileType = sourcecode.swift; name = MovieGridViewController.swift; path = "/Users/sonhathai/Desktop/Desktop - Son’s MacBook Pro/flixster/flixster/MovieGridViewController.swift"; sourceTree = "<absolute>"; };
		8BC4546B299345F60051035B /* MovieGridCell.swift */ = {isa = PBXFileReference; lastKnownFileType = sourcecode.swift; path = MovieGridCell.swift; sourceTree = "<group>"; };
		BD4261EB1A5A5635F2F05A3B /* Pods_flixster.framework */ = {isa = PBXFileReference; explicitFileType = wrapper.framework; includeInIndex = 0; path = Pods_flixster.framework; sourceTree = BUILT_PRODUCTS_DIR; };
		F6B70E9CC1402A9BD21F3BE6 /* Pods-flixster.release.xcconfig */ = {isa = PBXFileReference; includeInIndex = 1; lastKnownFileType = text.xcconfig; name = "Pods-flixster.release.xcconfig"; path = "Target Support Files/Pods-flixster/Pods-flixster.release.xcconfig"; sourceTree = "<group>"; };
/* End PBXFileReference section */

/* Begin PBXFrameworksBuildPhase section */
		8BB683CF298B25C100414008 /* Frameworks */ = {
			isa = PBXFrameworksBuildPhase;
			buildActionMask = 2147483647;
			files = (
				D9153B72E7BE56E351EA2FBF /* Pods_flixster.framework in Frameworks */,
			);
			runOnlyForDeploymentPostprocessing = 0;
		};
/* End PBXFrameworksBuildPhase section */

/* Begin PBXGroup section */
		865D38F07947F0D62CD82F25 /* Frameworks */ = {
			isa = PBXGroup;
			children = (
				BD4261EB1A5A5635F2F05A3B /* Pods_flixster.framework */,
			);
			name = Frameworks;
			sourceTree = "<group>";
		};
		8BB683C9298B25C100414008 = {
			isa = PBXGroup;
			children = (
				8BB683D4298B25C100414008 /* flixster */,
				8BB683D3298B25C100414008 /* Products */,
				B863ADCD224E03A69A70CA9F /* Pods */,
				865D38F07947F0D62CD82F25 /* Frameworks */,
			);
			sourceTree = "<group>";
		};
		8BB683D3298B25C100414008 /* Products */ = {
			isa = PBXGroup;
			children = (
				8BB683D2298B25C100414008 /* flixster.app */,
			);
			name = Products;
			sourceTree = "<group>";
		};
		8BB683D4298B25C100414008 /* flixster */ = {
			isa = PBXGroup;
			children = (
				8BC454692993419D0051035B /* MovieGridViewController.swift */,
				8BB683D5298B25C100414008 /* AppDelegate.swift */,
				8BB683D7298B25C100414008 /* SceneDelegate.swift */,
				8BB683D9298B25C100414008 /* ViewController.swift */,
				8BB683DB298B25C100414008 /* Main.storyboard */,
				8BB683DE298B25C200414008 /* Assets.xcassets */,
				8BB683E0298B25C200414008 /* LaunchScreen.storyboard */,
				8BB683E3298B25C200414008 /* Info.plist */,
				8BB683E9298B2F0A00414008 /* MoviesViewController.swift */,
				8BB683EB298B40D800414008 /* MovieCell.swift */,
				8BB683ED298B62C600414008 /* MovieDetailsVIewController.swift */,
				8BC4546B299345F60051035B /* MovieGridCell.swift */,
			);
			path = flixster;
			sourceTree = "<group>";
		};
		B863ADCD224E03A69A70CA9F /* Pods */ = {
			isa = PBXGroup;
			children = (
				51AEF6F436D735EC321CC3B1 /* Pods-flixster.debug.xcconfig */,
				F6B70E9CC1402A9BD21F3BE6 /* Pods-flixster.release.xcconfig */,
			);
			path = Pods;
			sourceTree = "<group>";
		};
/* End PBXGroup section */

/* Begin PBXNativeTarget section */
		8BB683D1298B25C100414008 /* flixster */ = {
			isa = PBXNativeTarget;
			buildConfigurationList = 8BB683E6298B25C200414008 /* Build configuration list for PBXNativeTarget "flixster" */;
			buildPhases = (
				6CF98BC0864D86B1B035AF71 /* [CP] Check Pods Manifest.lock */,
				8BB683CE298B25C100414008 /* Sources */,
				8BB683CF298B25C100414008 /* Frameworks */,
				8BB683D0298B25C100414008 /* Resources */,
				6CF6B86A59DAC734EF191F65 /* [CP] Embed Pods Frameworks */,
			);
			buildRules = (
			);
			dependencies = (
			);
			name = flixster;
			productName = flixster;
			productReference = 8BB683D2298B25C100414008 /* flixster.app */;
			productType = "com.apple.product-type.application";
		};
/* End PBXNativeTarget section */

/* Begin PBXProject section */
		8BB683CA298B25C100414008 /* Project object */ = {
			isa = PBXProject;
			attributes = {
				BuildIndependentTargetsInParallel = 1;
				LastSwiftUpdateCheck = 1420;
				LastUpgradeCheck = 1420;
				TargetAttributes = {
					8BB683D1298B25C100414008 = {
						CreatedOnToolsVersion = 14.2;
					};
				};
			};
			buildConfigurationList = 8BB683CD298B25C100414008 /* Build configuration list for PBXProject "flixster" */;
			compatibilityVersion = "Xcode 14.0";
			developmentRegion = en;
			hasScannedForEncodings = 0;
			knownRegions = (
				en,
				Base,
			);
			mainGroup = 8BB683C9298B25C100414008;
			productRefGroup = 8BB683D3298B25C100414008 /* Products */;
			projectDirPath = "";
			projectRoot = "";
			targets = (
				8BB683D1298B25C100414008 /* flixster */,
			);
		};
/* End PBXProject section */

/* Begin PBXResourcesBuildPhase section */
		8BB683D0298B25C100414008 /* Resources */ = {
			isa = PBXResourcesBuildPhase;
			buildActionMask = 2147483647;
			files = (
				8BB683E2298B25C200414008 /* LaunchScreen.storyboard in Resources */,
				8BB683DF298B25C200414008 /* Assets.xcassets in Resources */,
				8BB683DD298B25C100414008 /* Main.storyboard in Resources */,
			);
			runOnlyForDeploymentPostprocessing = 0;
		};
/* End PBXResourcesBuildPhase section */

/* Begin PBXShellScriptBuildPhase section */
		6CF6B86A59DAC734EF191F65 /* [CP] Embed Pods Frameworks */ = {
			isa = PBXShellScriptBuildPhase;
			buildActionMask = 2147483647;
			files = (
			);
			inputFileListPaths = (
				"${PODS_ROOT}/Target Support Files/Pods-flixster/Pods-flixster-frameworks-${CONFIGURATION}-input-files.xcfilelist",
			);
			name = "[CP] Embed Pods Frameworks";
			outputFileListPaths = (
				"${PODS_ROOT}/Target Support Files/Pods-flixster/Pods-flixster-frameworks-${CONFIGURATION}-output-files.xcfilelist",
			);
			runOnlyForDeploymentPostprocessing = 0;
			shellPath = /bin/sh;
			shellScript = "\"${PODS_ROOT}/Target Support Files/Pods-flixster/Pods-flixster-frameworks.sh\"\n";
			showEnvVarsInLog = 0;
		};
		6CF98BC0864D86B1B035AF71 /* [CP] Check Pods Manifest.lock */ = {
			isa = PBXShellScriptBuildPhase;
			buildActionMask = 2147483647;
			files = (
			);
			inputFileListPaths = (
			);
			inputPaths = (
				"${PODS_PODFILE_DIR_PATH}/Podfile.lock",
				"${PODS_ROOT}/Manifest.lock",
			);
			name = "[CP] Check Pods Manifest.lock";
			outputFileListPaths = (
			);
			outputPaths = (
				"$(DERIVED_FILE_DIR)/Pods-flixster-checkManifestLockResult.txt",
			);
			runOnlyForDeploymentPostprocessing = 0;
			shellPath = /bin/sh;
			shellScript = "diff \"${PODS_PODFILE_DIR_PATH}/Podfile.lock\" \"${PODS_ROOT}/Manifest.lock\" > /dev/null\nif [ $? != 0 ] ; then\n    # print error to STDERR\n    echo \"error: The sandbox is not in sync with the Podfile.lock. Run 'pod install' or update your CocoaPods installation.\" >&2\n    exit 1\nfi\n# This output is used by Xcode 'outputs' to avoid re-running this script phase.\necho \"SUCCESS\" > \"${SCRIPT_OUTPUT_FILE_0}\"\n";
			showEnvVarsInLog = 0;
		};
/* End PBXShellScriptBuildPhase section */

/* Begin PBXSourcesBuildPhase section */
		8BB683CE298B25C100414008 /* Sources */ = {
			isa = PBXSourcesBuildPhase;
			buildActionMask = 2147483647;
			files = (
				8BB683DA298B25C100414008 /* ViewController.swift in Sources */,
				8BB683D6298B25C100414008 /* AppDelegate.swift in Sources */,
				8BB683D8298B25C100414008 /* SceneDelegate.swift in Sources */,
				8BC4546A2993419D0051035B /* MovieGridViewController.swift in Sources */,
				8BC4546C299345F60051035B /* MovieGridCell.swift in Sources */,
				8BB683EC298B40D800414008 /* MovieCell.swift in Sources */,
				8BB683EE298B62C600414008 /* MovieDetailsVIewController.swift in Sources */,
				8BB683EA298B2F0A00414008 /* MoviesViewController.swift in Sources */,
			);
			runOnlyForDeploymentPostprocessing = 0;
		};
/* End PBXSourcesBuildPhase section */

/* Begin PBXVariantGroup section */
		8BB683DB298B25C100414008 /* Main.storyboard */ = {
			isa = PBXVariantGroup;
			children = (
				8BB683DC298B25C100414008 /* Base */,
			);
			name = Main.storyboard;
			sourceTree = "<group>";
		};
		8BB683E0298B25C200414008 /* LaunchScreen.storyboard */ = {
			isa = PBXVariantGroup;
			children = (
				8BB683E1298B25C200414008 /* Base */,
			);
			name = LaunchScreen.storyboard;
			sourceTree = "<group>";
		};
/* End PBXVariantGroup section */

/* Begin XCBuildConfiguration section */
		8BB683E4298B25C200414008 /* Debug */ = {
			isa = XCBuildConfiguration;
			buildSettings = {
				ALWAYS_SEARCH_USER_PATHS = NO;
				CLANG_ANALYZER_NONNULL = YES;
				CLANG_ANALYZER_NUMBER_OBJECT_CONVERSION = YES_AGGRESSIVE;
				CLANG_CXX_LANGUAGE_STANDARD = "gnu++20";
				CLANG_ENABLE_MODULES = YES;
				CLANG_ENABLE_OBJC_ARC = YES;
				CLANG_ENABLE_OBJC_WEAK = YES;
				CLANG_WARN_BLOCK_CAPTURE_AUTORELEASING = YES;
				CLANG_WARN_BOOL_CONVERSION = YES;
				CLANG_WARN_COMMA = YES;
				CLANG_WARN_CONSTANT_CONVERSION = YES;
				CLANG_WARN_DEPRECATED_OBJC_IMPLEMENTATIONS = YES;
				CLANG_WARN_DIRECT_OBJC_ISA_USAGE = YES_ERROR;
				CLANG_WARN_DOCUMENTATION_COMMENTS = YES;
				CLANG_WARN_EMPTY_BODY = YES;
				CLANG_WARN_ENUM_CONVERSION = YES;
				CLANG_WARN_INFINITE_RECURSION = YES;
				CLANG_WARN_INT_CONVERSION = YES;
				CLANG_WARN_NON_LITERAL_NULL_CONVERSION = YES;
				CLANG_WARN_OBJC_IMPLICIT_RETAIN_SELF = YES;
				CLANG_WARN_OBJC_LITERAL_CONVERSION = YES;
				CLANG_WARN_OBJC_ROOT_CLASS = YES_ERROR;
				CLANG_WARN_QUOTED_INCLUDE_IN_FRAMEWORK_HEADER = YES;
				CLANG_WARN_RANGE_LOOP_ANALYSIS = YES;
				CLANG_WARN_STRICT_PROTOTYPES = YES;
				CLANG_WARN_SUSPICIOUS_MOVE = YES;
				CLANG_WARN_UNGUARDED_AVAILABILITY = YES_AGGRESSIVE;
				CLANG_WARN_UNREACHABLE_CODE = YES;
				CLANG_WARN__DUPLICATE_METHOD_MATCH = YES;
				COPY_PHASE_STRIP = NO;
				DEBUG_INFORMATION_FORMAT = dwarf;
				ENABLE_STRICT_OBJC_MSGSEND = YES;
				ENABLE_TESTABILITY = YES;
				GCC_C_LANGUAGE_STANDARD = gnu11;
				GCC_DYNAMIC_NO_PIC = NO;
				GCC_NO_COMMON_BLOCKS = YES;
				GCC_OPTIMIZATION_LEVEL = 0;
				GCC_PREPROCESSOR_DEFINITIONS = (
					"DEBUG=1",
					"$(inherited)",
				);
				GCC_WARN_64_TO_32_BIT_CONVERSION = YES;
				GCC_WARN_ABOUT_RETURN_TYPE = YES_ERROR;
				GCC_WARN_UNDECLARED_SELECTOR = YES;
				GCC_WARN_UNINITIALIZED_AUTOS = YES_AGGRESSIVE;
				GCC_WARN_UNUSED_FUNCTION = YES;
				GCC_WARN_UNUSED_VARIABLE = YES;
				IPHONEOS_DEPLOYMENT_TARGET = 16.2;
				MTL_ENABLE_DEBUG_INFO = INCLUDE_SOURCE;
				MTL_FAST_MATH = YES;
				ONLY_ACTIVE_ARCH = YES;
				SDKROOT = iphoneos;
				SWIFT_ACTIVE_COMPILATION_CONDITIONS = DEBUG;
				SWIFT_OPTIMIZATION_LEVEL = "-Onone";
			};
			name = Debug;
		};
		8BB683E5298B25C200414008 /* Release */ = {
			isa = XCBuildConfiguration;
			buildSettings = {
				ALWAYS_SEARCH_USER_PATHS = NO;
				CLANG_ANALYZER_NONNULL = YES;
				CLANG_ANALYZER_NUMBER_OBJECT_CONVERSION = YES_AGGRESSIVE;
				CLANG_CXX_LANGUAGE_STANDARD = "gnu++20";
				CLANG_ENABLE_MODULES = YES;
				CLANG_ENABLE_OBJC_ARC = YES;
				CLANG_ENABLE_OBJC_WEAK = YES;
				CLANG_WARN_BLOCK_CAPTURE_AUTORELEASING = YES;
				CLANG_WARN_BOOL_CONVERSION = YES;
				CLANG_WARN_COMMA = YES;
				CLANG_WARN_CONSTANT_CONVERSION = YES;
				CLANG_WARN_DEPRECATED_OBJC_IMPLEMENTATIONS = YES;
				CLANG_WARN_DIRECT_OBJC_ISA_USAGE = YES_ERROR;
				CLANG_WARN_DOCUMENTATION_COMMENTS = YES;
				CLANG_WARN_EMPTY_BODY = YES;
				CLANG_WARN_ENUM_CONVERSION = YES;
				CLANG_WARN_INFINITE_RECURSION = YES;
				CLANG_WARN_INT_CONVERSION = YES;
				CLANG_WARN_NON_LITERAL_NULL_CONVERSION = YES;
				CLANG_WARN_OBJC_IMPLICIT_RETAIN_SELF = YES;
				CLANG_WARN_OBJC_LITERAL_CONVERSION = YES;
				CLANG_WARN_OBJC_ROOT_CLASS = YES_ERROR;
				CLANG_WARN_QUOTED_INCLUDE_IN_FRAMEWORK_HEADER = YES;
				CLANG_WARN_RANGE_LOOP_ANALYSIS = YES;
				CLANG_WARN_STRICT_PROTOTYPES = YES;
				CLANG_WARN_SUSPICIOUS_MOVE = YES;
				CLANG_WARN_UNGUARDED_AVAILABILITY = YES_AGGRESSIVE;
				CLANG_WARN_UNREACHABLE_CODE = YES;
				CLANG_WARN__DUPLICATE_METHOD_MATCH = YES;
				COPY_PHASE_STRIP = NO;
				DEBUG_INFORMATION_FORMAT = "dwarf-with-dsym";
				ENABLE_NS_ASSERTIONS = NO;
				ENABLE_STRICT_OBJC_MSGSEND = YES;
				GCC_C_LANGUAGE_STANDARD = gnu11;
				GCC_NO_COMMON_BLOCKS = YES;
				GCC_WARN_64_TO_32_BIT_CONVERSION = YES;
				GCC_WARN_ABOUT_RETURN_TYPE = YES_ERROR;
				GCC_WARN_UNDECLARED_SELECTOR = YES;
				GCC_WARN_UNINITIALIZED_AUTOS = YES_AGGRESSIVE;
				GCC_WARN_UNUSED_FUNCTION = YES;
				GCC_WARN_UNUSED_VARIABLE = YES;
				IPHONEOS_DEPLOYMENT_TARGET = 16.2;
				MTL_ENABLE_DEBUG_INFO = NO;
				MTL_FAST_MATH = YES;
				SDKROOT = iphoneos;
				SWIFT_COMPILATION_MODE = wholemodule;
				SWIFT_OPTIMIZATION_LEVEL = "-O";
				VALIDATE_PRODUCT = YES;
			};
			name = Release;
		};
		8BB683E7298B25C200414008 /* Debug */ = {
			isa = XCBuildConfiguration;
			baseConfigurationReference = 51AEF6F436D735EC321CC3B1 /* Pods-flixster.debug.xcconfig */;
			buildSettings = {
				ASSETCATALOG_COMPILER_APPICON_NAME = AppIcon;
				ASSETCATALOG_COMPILER_GLOBAL_ACCENT_COLOR_NAME = AccentColor;
				CODE_SIGN_STYLE = Automatic;
				CURRENT_PROJECT_VERSION = 1;
				GENERATE_INFOPLIST_FILE = YES;
				INFOPLIST_FILE = flixster/Info.plist;
				INFOPLIST_KEY_UIApplicationSupportsIndirectInputEvents = YES;
				INFOPLIST_KEY_UILaunchStoryboardName = LaunchScreen;
				INFOPLIST_KEY_UIMainStoryboardFile = Main;
				INFOPLIST_KEY_UISupportedInterfaceOrientations_iPad = "UIInterfaceOrientationPortrait UIInterfaceOrientationPortraitUpsideDown UIInterfaceOrientationLandscapeLeft UIInterfaceOrientationLandscapeRight";
				INFOPLIST_KEY_UISupportedInterfaceOrientations_iPhone = "UIInterfaceOrientationPortrait UIInterfaceOrientationLandscapeLeft UIInterfaceOrientationLandscapeRight";
				LD_RUNPATH_SEARCH_PATHS = (
					"$(inherited)",
					"@executable_path/Frameworks",
				);
				MARKETING_VERSION = 1.0;
				PRODUCT_BUNDLE_IDENTIFIER = sonha.flixster;
				PRODUCT_NAME = "$(TARGET_NAME)";
				SWIFT_EMIT_LOC_STRINGS = YES;
				SWIFT_VERSION = 5.0;
				TARGETED_DEVICE_FAMILY = "1,2";
			};
			name = Debug;
		};
		8BB683E8298B25C200414008 /* Release */ = {
			isa = XCBuildConfiguration;
			baseConfigurationReference = F6B70E9CC1402A9BD21F3BE6 /* Pods-flixster.release.xcconfig */;
			buildSettings = {
				ASSETCATALOG_COMPILER_APPICON_NAME = AppIcon;
				ASSETCATALOG_COMPILER_GLOBAL_ACCENT_COLOR_NAME = AccentColor;
				CODE_SIGN_STYLE = Automatic;
				CURRENT_PROJECT_VERSION = 1;
				GENERATE_INFOPLIST_FILE = YES;
				INFOPLIST_FILE = flixster/Info.plist;
				INFOPLIST_KEY_UIApplicationSupportsIndirectInputEvents = YES;
				INFOPLIST_KEY_UILaunchStoryboardName = LaunchScreen;
				INFOPLIST_KEY_UIMainStoryboardFile = Main;
				INFOPLIST_KEY_UISupportedInterfaceOrientations_iPad = "UIInterfaceOrientationPortrait UIInterfaceOrientationPortraitUpsideDown UIInterfaceOrientationLandscapeLeft UIInterfaceOrientationLandscapeRight";
				INFOPLIST_KEY_UISupportedInterfaceOrientations_iPhone = "UIInterfaceOrientationPortrait UIInterfaceOrientationLandscapeLeft UIInterfaceOrientationLandscapeRight";
				LD_RUNPATH_SEARCH_PATHS = (
					"$(inherited)",
					"@executable_path/Frameworks",
				);
				MARKETING_VERSION = 1.0;
				PRODUCT_BUNDLE_IDENTIFIER = sonha.flixster;
				PRODUCT_NAME = "$(TARGET_NAME)";
				SWIFT_EMIT_LOC_STRINGS = YES;
				SWIFT_VERSION = 5.0;
				TARGETED_DEVICE_FAMILY = "1,2";
			};
			name = Release;
		};
/* End XCBuildConfiguration section */

/* Begin XCConfigurationList section */
		8BB683CD298B25C100414008 /* Build configuration list for PBXProject "flixster" */ = {
			isa = XCConfigurationList;
			buildConfigurations = (
				8BB683E4298B25C200414008 /* Debug */,
				8BB683E5298B25C200414008 /* Release */,
			);
			defaultConfigurationIsVisible = 0;
			defaultConfigurationName = Release;
		};
		8BB683E6298B25C200414008 /* Build configuration list for PBXNativeTarget "flixster" */ = {
			isa = XCConfigurationList;
			buildConfigurations = (
				8BB683E7298B25C200414008 /* Debug */,
				8BB683E8298B25C200414008 /* Release */,
			);
			defaultConfigurationIsVisible = 0;
			defaultConfigurationName = Release;
		};
/* End XCConfigurationList section */
	};
	rootObject = 8BB683CA298B25C100414008 /* Project object */;
}
